
Microsoft Visual Studio Solution File, Format Version 12.00
# Visual Studio Version 17
VisualStudioVersion = 17.9.34622.214
MinimumVisualStudioVersion = 10.0.40219.1
Project("{FAE04EC0-301F-11D3-BF4B-00C04F79EFBC}") = "HNGTask1", "HNGTask1.csproj", "{A906FA7B-7AD5-4471-9BA8-8093A3574FAF}"
EndProject
Global
	GlobalSection(SolutionConfigurationPlatforms) = preSolution
		Debug|Any CPU = Debug|Any CPU
		Release|Any CPU = Release|Any CPU
	EndGlobalSection
	GlobalSection(ProjectConfigurationPlatforms) = postSolution
		{A906FA7B-7AD5-4471-9BA8-8093A3574FAF}.Debug|Any CPU.ActiveCfg = Debug|Any CPU
		{A906FA7B-7AD5-4471-9BA8-8093A3574FAF}.Debug|Any CPU.Build.0 = Debug|Any CPU
		{A906FA7B-7AD5-4471-9BA8-8093A3574FAF}.Release|Any CPU.ActiveCfg = Release|Any CPU
		{A906FA7B-7AD5-4471-9BA8-8093A3574FAF}.Release|Any CPU.Build.0 = Release|Any CPU
	EndGlobalSection
	GlobalSection(SolutionProperties) = preSolution
		HideSolutionNode = FALSE
	EndGlobalSection
	GlobalSection(ExtensibilityGlobals) = postSolution
		SolutionGuid = {0A251AB7-F950-47A9-901F-EA0F36B8C233}
	EndGlobalSection
EndGlobal
